
Microsoft Visual Studio Solution File, Format Version 12.00
# Visual Studio Version 16
VisualStudioVersion = 16.0.29613.14
MinimumVisualStudioVersion = 10.0.40219.1
Project("{9A19103F-16F7-4668-BE54-9A1E7A4F7556}") = "CheckoutKata.Code", "CheckoutKata.Code\CheckoutKata.Code.csproj", "{C2A3B1F5-A0F4-46E2-8014-C797B986306A}"
EndProject
Project("{FAE04EC0-301F-11D3-BF4B-00C04F79EFBC}") = "CheckoutKata.Tests", "CheckoutKata.Tests\CheckoutKata.Tests.csproj", "{3B10C110-766E-480A-A4FA-C22AEDACFA10}"
EndProject
Global
	GlobalSection(SolutionConfigurationPlatforms) = preSolution
		Debug|Any CPU = Debug|Any CPU
		Release|Any CPU = Release|Any CPU
	EndGlobalSection
	GlobalSection(ProjectConfigurationPlatforms) = postSolution
		{C2A3B1F5-A0F4-46E2-8014-C797B986306A}.Debug|Any CPU.ActiveCfg = Debug|Any CPU
		{C2A3B1F5-A0F4-46E2-8014-C797B986306A}.Debug|Any CPU.Build.0 = Debug|Any CPU
		{C2A3B1F5-A0F4-46E2-8014-C797B986306A}.Release|Any CPU.ActiveCfg = Release|Any CPU
		{C2A3B1F5-A0F4-46E2-8014-C797B986306A}.Release|Any CPU.Build.0 = Release|Any CPU
		{3B10C110-766E-480A-A4FA-C22AEDACFA10}.Debug|Any CPU.ActiveCfg = Debug|Any CPU
		{3B10C110-766E-480A-A4FA-C22AEDACFA10}.Debug|Any CPU.Build.0 = Debug|Any CPU
		{3B10C110-766E-480A-A4FA-C22AEDACFA10}.Release|Any CPU.ActiveCfg = Release|Any CPU
		{3B10C110-766E-480A-A4FA-C22AEDACFA10}.Release|Any CPU.Build.0 = Release|Any CPU
	EndGlobalSection
	GlobalSection(SolutionProperties) = preSolution
		HideSolutionNode = FALSE
	EndGlobalSection
	GlobalSection(ExtensibilityGlobals) = postSolution
		SolutionGuid = {636C5118-CBE9-43EC-A668-18F5E32D3218}
	EndGlobalSection
EndGlobal
